
Microsoft Visual Studio Solution File, Format Version 12.00
# Visual Studio 2013
VisualStudioVersion = 12.0.30110.0
MinimumVisualStudioVersion = 10.0.40219.1
Project("{FAE04EC0-301F-11D3-BF4B-00C04F79EFBC}") = "QLTOLabel", "QLTOLabel\QLTOLabel.csproj", "{6FE1C592-3520-44F2-86DB-50C580EF4A67}"
EndProject
Project("{930C7802-8A8C-48F9-8165-68863BCCD9DD}") = "Setup", "Setup\Setup.wixproj", "{63DCA8B1-D455-48AE-B90C-021014A05EBD}"
EndProject
Global
	GlobalSection(SolutionConfigurationPlatforms) = preSolution
		Debug|Any CPU = Debug|Any CPU
		Debug|Mixed Platforms = Debug|Mixed Platforms
		Debug|x86 = Debug|x86
		Release|Any CPU = Release|Any CPU
		Release|Mixed Platforms = Release|Mixed Platforms
		Release|x86 = Release|x86
	EndGlobalSection
	GlobalSection(ProjectConfigurationPlatforms) = postSolution
		{6FE1C592-3520-44F2-86DB-50C580EF4A67}.Debug|Any CPU.ActiveCfg = Debug|Any CPU
		{6FE1C592-3520-44F2-86DB-50C580EF4A67}.Debug|Any CPU.Build.0 = Debug|Any CPU
		{6FE1C592-3520-44F2-86DB-50C580EF4A67}.Debug|Mixed Platforms.ActiveCfg = Debug|Any CPU
		{6FE1C592-3520-44F2-86DB-50C580EF4A67}.Debug|Mixed Platforms.Build.0 = Debug|Any CPU
		{6FE1C592-3520-44F2-86DB-50C580EF4A67}.Debug|x86.ActiveCfg = Debug|Any CPU
		{6FE1C592-3520-44F2-86DB-50C580EF4A67}.Release|Any CPU.ActiveCfg = Release|Any CPU
		{6FE1C592-3520-44F2-86DB-50C580EF4A67}.Release|Any CPU.Build.0 = Release|Any CPU
		{6FE1C592-3520-44F2-86DB-50C580EF4A67}.Release|Mixed Platforms.ActiveCfg = Release|Any CPU
		{6FE1C592-3520-44F2-86DB-50C580EF4A67}.Release|Mixed Platforms.Build.0 = Release|Any CPU
		{6FE1C592-3520-44F2-86DB-50C580EF4A67}.Release|x86.ActiveCfg = Release|Any CPU
		{63DCA8B1-D455-48AE-B90C-021014A05EBD}.Debug|Any CPU.ActiveCfg = Debug|x86
		{63DCA8B1-D455-48AE-B90C-021014A05EBD}.Debug|Mixed Platforms.ActiveCfg = Debug|x86
		{63DCA8B1-D455-48AE-B90C-021014A05EBD}.Debug|Mixed Platforms.Build.0 = Debug|x86
		{63DCA8B1-D455-48AE-B90C-021014A05EBD}.Debug|x86.ActiveCfg = Debug|x86
		{63DCA8B1-D455-48AE-B90C-021014A05EBD}.Debug|x86.Build.0 = Debug|x86
		{63DCA8B1-D455-48AE-B90C-021014A05EBD}.Release|Any CPU.ActiveCfg = Release|x86
		{63DCA8B1-D455-48AE-B90C-021014A05EBD}.Release|Mixed Platforms.ActiveCfg = Release|x86
		{63DCA8B1-D455-48AE-B90C-021014A05EBD}.Release|Mixed Platforms.Build.0 = Release|x86
		{63DCA8B1-D455-48AE-B90C-021014A05EBD}.Release|x86.ActiveCfg = Release|x86
		{63DCA8B1-D455-48AE-B90C-021014A05EBD}.Release|x86.Build.0 = Release|x86
	EndGlobalSection
	GlobalSection(SolutionProperties) = preSolution
		HideSolutionNode = FALSE
	EndGlobalSection
EndGlobal
